
Microsoft Visual Studio Solution File, Format Version 12.00
# Visual Studio 2013
VisualStudioVersion = 12.0.21005.1
MinimumVisualStudioVersion = 10.0.40219.1
Project("{FAE04EC0-301F-11D3-BF4B-00C04F79EFBC}") = "my_aspnetmvc_learning", "my_aspnetmvc_learning\my_aspnetmvc_learning.csproj", "{DD6C4615-7DFC-4CB1-AEE6-846F0C996596}"
EndProject
Project("{FAE04EC0-301F-11D3-BF4B-00C04F79EFBC}") = "ParallelTask", "ParallelTask\ParallelTask.csproj", "{BBE06A77-12AD-4EAE-BC26-CE36325AC565}"
EndProject
Project("{FAE04EC0-301F-11D3-BF4B-00C04F79EFBC}") = "Homeinns.Common", "Homeinns.Common\Homeinns.Common.csproj", "{22689CA6-85D1-4346-83E4-11D465F8ABF1}"
EndProject
Global
	GlobalSection(SolutionConfigurationPlatforms) = preSolution
		Debug|Any CPU = Debug|Any CPU
		Debug|x86 = Debug|x86
		Release|Any CPU = Release|Any CPU
		Release|x86 = Release|x86
	EndGlobalSection
	GlobalSection(ProjectConfigurationPlatforms) = postSolution
		{DD6C4615-7DFC-4CB1-AEE6-846F0C996596}.Debug|Any CPU.ActiveCfg = Debug|Any CPU
		{DD6C4615-7DFC-4CB1-AEE6-846F0C996596}.Debug|Any CPU.Build.0 = Debug|Any CPU
		{DD6C4615-7DFC-4CB1-AEE6-846F0C996596}.Debug|x86.ActiveCfg = Debug|Any CPU
		{DD6C4615-7DFC-4CB1-AEE6-846F0C996596}.Release|Any CPU.ActiveCfg = Release|Any CPU
		{DD6C4615-7DFC-4CB1-AEE6-846F0C996596}.Release|Any CPU.Build.0 = Release|Any CPU
		{DD6C4615-7DFC-4CB1-AEE6-846F0C996596}.Release|x86.ActiveCfg = Release|Any CPU
		{BBE06A77-12AD-4EAE-BC26-CE36325AC565}.Debug|Any CPU.ActiveCfg = Debug|Any CPU
		{BBE06A77-12AD-4EAE-BC26-CE36325AC565}.Debug|Any CPU.Build.0 = Debug|Any CPU
		{BBE06A77-12AD-4EAE-BC26-CE36325AC565}.Debug|x86.ActiveCfg = Debug|Any CPU
		{BBE06A77-12AD-4EAE-BC26-CE36325AC565}.Release|Any CPU.ActiveCfg = Release|Any CPU
		{BBE06A77-12AD-4EAE-BC26-CE36325AC565}.Release|Any CPU.Build.0 = Release|Any CPU
		{BBE06A77-12AD-4EAE-BC26-CE36325AC565}.Release|x86.ActiveCfg = Release|Any CPU
		{22689CA6-85D1-4346-83E4-11D465F8ABF1}.Debug|Any CPU.ActiveCfg = Debug|Any CPU
		{22689CA6-85D1-4346-83E4-11D465F8ABF1}.Debug|Any CPU.Build.0 = Debug|Any CPU
		{22689CA6-85D1-4346-83E4-11D465F8ABF1}.Debug|x86.ActiveCfg = Debug|x86
		{22689CA6-85D1-4346-83E4-11D465F8ABF1}.Debug|x86.Build.0 = Debug|x86
		{22689CA6-85D1-4346-83E4-11D465F8ABF1}.Release|Any CPU.ActiveCfg = Release|Any CPU
		{22689CA6-85D1-4346-83E4-11D465F8ABF1}.Release|Any CPU.Build.0 = Release|Any CPU
		{22689CA6-85D1-4346-83E4-11D465F8ABF1}.Release|x86.ActiveCfg = Release|x86
		{22689CA6-85D1-4346-83E4-11D465F8ABF1}.Release|x86.Build.0 = Release|x86
	EndGlobalSection
	GlobalSection(SolutionProperties) = preSolution
		HideSolutionNode = FALSE
	EndGlobalSection
EndGlobal
